PODS:
  - VocLiveChatFramework (1.2.0)

DEPENDENCIES:
  - VocLiveChatFramework (~> 1.2.0)

SPEC REPOS:
  trunk:
    - VocLiveChatFramework

SPEC CHECKSUMS:
  VocLiveChatFramework: a3864e27ca80b4252c8cf547453418848ebe0539

PODFILE CHECKSUM: 68e0fd63e766b219466a28a53492e017888e5127

COCOAPODS: 1.16.2
