// !$*UTF8*$!
{
	archiveVersion = 1;
	classes = {
	};
	objectVersion = 56;
	objects = {

/* Begin PBXBuildFile section */
		48B0F0C84CB1B82D8228718E /* Pods_PodDemoApp.framework in Frameworks */ = {isa = PBXBuildFile; fileRef = 9B6AD8365BEBB85341084B7E /* Pods_PodDemoApp.framework */; };
		F9BAE79D2D9ECCD9007B38C3 /* AppDelegate.m in Sources */ = {isa = PBXBuildFile; fileRef = F9BAE79C2D9ECCD9007B38C3 /* AppDelegate.m */; };
		F9BAE7A02D9ECCD9007B38C3 /* SceneDelegate.m in Sources */ = {isa = PBXBuildFile; fileRef = F9BAE79F2D9ECCD9007B38C3 /* SceneDelegate.m */; };
		F9BAE7A32D9ECCD9007B38C3 /* ViewController.m in Sources */ = {isa = PBXBuildFile; fileRef = F9BAE7A22D9ECCD9007B38C3 /* ViewController.m */; };
		F9BAE7A62D9ECCD9007B38C3 /* Main.storyboard in Resources */ = {isa = PBXBuildFile; fileRef = F9BAE7A42D9ECCD9007B38C3 /* Main.storyboard */; };
		F9BAE7A82D9ECCDA007B38C3 /* Assets.xcassets in Resources */ = {isa = PBXBuildFile; fileRef = F9BAE7A72D9ECCDA007B38C3 /* Assets.xcassets */; };
		F9BAE7AB2D9ECCDA007B38C3 /* LaunchScreen.storyboard in Resources */ = {isa = PBXBuildFile; fileRef = F9BAE7A92D9ECCDA007B38C3 /* LaunchScreen.storyboard */; };
		F9BAE7AE2D9ECCDA007B38C3 /* main.m in Sources */ = {isa = PBXBuildFile; fileRef = F9BAE7AD2D9ECCDA007B38C3 /* main.m */; };
		F9BAE7B52D9ED043007B38C3 /* language.json in Resources */ = {isa = PBXBuildFile; fileRef = F9BAE7B42D9ED043007B38C3 /* language.json */; };
		F9BAE7B82DA40C00007B38C3 /* CustomNavigationController.m in Sources */ = {isa = PBXBuildFile; fileRef = F9BAE7B72DA40C00007B38C3 /* CustomNavigationController.m */; };
/* End PBXBuildFile section */

/* Begin PBXFileReference section */
		9B6AD8365BEBB85341084B7E /* Pods_PodDemoApp.framework */ = {isa = PBXFileReference; explicitFileType = wrapper.framework; includeInIndex = 0; path = Pods_PodDemoApp.framework; sourceTree = BUILT_PRODUCTS_DIR; };
		D327D5C5C4F489B596182716 /* Pods-PodDemoApp.debug.xcconfig */ = {isa = PBXFileReference; includeInIndex = 1; lastKnownFileType = text.xcconfig; name = "Pods-PodDemoApp.debug.xcconfig"; path = "Target Support Files/Pods-PodDemoApp/Pods-PodDemoApp.debug.xcconfig"; sourceTree = "<group>"; };
		E8F830778D2B02BE88F5EB0A /* Pods-PodDemoApp.release.xcconfig */ = {isa = PBXFileReference; includeInIndex = 1; lastKnownFileType = text.xcconfig; name = "Pods-PodDemoApp.release.xcconfig"; path = "Target Support Files/Pods-PodDemoApp/Pods-PodDemoApp.release.xcconfig"; sourceTree = "<group>"; };
		F9BAE7982D9ECCD8007B38C3 /* PodDemoApp.app */ = {isa = PBXFileReference; explicitFileType = wrapper.application; includeInIndex = 0; path = PodDemoApp.app; sourceTree = BUILT_PRODUCTS_DIR; };
		F9BAE79B2D9ECCD8007B38C3 /* AppDelegate.h */ = {isa = PBXFileReference; lastKnownFileType = sourcecode.c.h; path = AppDelegate.h; sourceTree = "<group>"; };
		F9BAE79C2D9ECCD9007B38C3 /* AppDelegate.m */ = {isa = PBXFileReference; lastKnownFileType = sourcecode.c.objc; path = AppDelegate.m; sourceTree = "<group>"; };
		F9BAE79E2D9ECCD9007B38C3 /* SceneDelegate.h */ = {isa = PBXFileReference; lastKnownFileType = sourcecode.c.h; path = SceneDelegate.h; sourceTree = "<group>"; };
		F9BAE79F2D9ECCD9007B38C3 /* SceneDelegate.m */ = {isa = PBXFileReference; lastKnownFileType = sourcecode.c.objc; path = SceneDelegate.m; sourceTree = "<group>"; };
		F9BAE7A12D9ECCD9007B38C3 /* ViewController.h */ = {isa = PBXFileReference; lastKnownFileType = sourcecode.c.h; path = ViewController.h; sourceTree = "<group>"; };
		F9BAE7A22D9ECCD9007B38C3 /* ViewController.m */ = {isa = PBXFileReference; lastKnownFileType = sourcecode.c.objc; path = ViewController.m; sourceTree = "<group>"; };
		F9BAE7A52D9ECCD9007B38C3 /* Base */ = {isa = PBXFileReference; lastKnownFileType = file.storyboard; name = Base; path = Base.lproj/Main.storyboard; sourceTree = "<group>"; };
		F9BAE7A72D9ECCDA007B38C3 /* Assets.xcassets */ = {isa = PBXFileReference; lastKnownFileType = folder.assetcatalog; path = Assets.xcassets; sourceTree = "<group>"; };
		F9BAE7AA2D9ECCDA007B38C3 /* Base */ = {isa = PBXFileReference; lastKnownFileType = file.storyboard; name = Base; path = Base.lproj/LaunchScreen.storyboard; sourceTree = "<group>"; };
		F9BAE7AC2D9ECCDA007B38C3 /* Info.plist */ = {isa = PBXFileReference; lastKnownFileType = text.plist.xml; path = Info.plist; sourceTree = "<group>"; };
		F9BAE7AD2D9ECCDA007B38C3 /* main.m */ = {isa = PBXFileReference; lastKnownFileType = sourcecode.c.objc; path = main.m; sourceTree = "<group>"; };
		F9BAE7B42D9ED043007B38C3 /* language.json */ = {isa = PBXFileReference; fileEncoding = 4; lastKnownFileType = text.json; name = language.json; path = ../../../DemoApp/DemoApp/language.json; sourceTree = "<group>"; };
		F9BAE7B62DA40C00007B38C3 /* CustomNavigationController.h */ = {isa = PBXFileReference; lastKnownFileType = sourcecode.c.h; path = CustomNavigationController.h; sourceTree = "<group>"; };
		F9BAE7B72DA40C00007B38C3 /* CustomNavigationController.m */ = {isa = PBXFileReference; lastKnownFileType = sourcecode.c.objc; path = CustomNavigationController.m; sourceTree = "<group>"; };
/* End PBXFileReference section */

/* Begin PBXFrameworksBuildPhase section */
		F9BAE7952D9ECCD8007B38C3 /* Frameworks */ = {
			isa = PBXFrameworksBuildPhase;
			buildActionMask = 2147483647;
			files = (
				48B0F0C84CB1B82D8228718E /* Pods_PodDemoApp.framework in Frameworks */,
			);
			runOnlyForDeploymentPostprocessing = 0;
		};
/* End PBXFrameworksBuildPhase section */

/* Begin PBXGroup section */
		A73C3D190C1554D8DDE66F3A /* Frameworks */ = {
			isa = PBXGroup;
			children = (
				9B6AD8365BEBB85341084B7E /* Pods_PodDemoApp.framework */,
			);
			name = Frameworks;
			sourceTree = "<group>";
		};
		DF37A9DBF9E4446D60087184 /* Pods */ = {
			isa = PBXGroup;
			children = (
				D327D5C5C4F489B596182716 /* Pods-PodDemoApp.debug.xcconfig */,
				E8F830778D2B02BE88F5EB0A /* Pods-PodDemoApp.release.xcconfig */,
			);
			path = Pods;
			sourceTree = "<group>";
		};
		F9BAE78F2D9ECCD8007B38C3 = {
			isa = PBXGroup;
			children = (
				F9BAE79A2D9ECCD8007B38C3 /* PodDemoApp */,
				F9BAE7992D9ECCD8007B38C3 /* Products */,
				DF37A9DBF9E4446D60087184 /* Pods */,
				A73C3D190C1554D8DDE66F3A /* Frameworks */,
			);
			sourceTree = "<group>";
		};
		F9BAE7992D9ECCD8007B38C3 /* Products */ = {
			isa = PBXGroup;
			children = (
				F9BAE7982D9ECCD8007B38C3 /* PodDemoApp.app */,
			);
			name = Products;
			sourceTree = "<group>";
		};
		F9BAE79A2D9ECCD8007B38C3 /* PodDemoApp */ = {
			isa = PBXGroup;
			children = (
				F9BAE7B42D9ED043007B38C3 /* language.json */,
				F9BAE79B2D9ECCD8007B38C3 /* AppDelegate.h */,
				F9BAE79C2D9ECCD9007B38C3 /* AppDelegate.m */,
				F9BAE79E2D9ECCD9007B38C3 /* SceneDelegate.h */,
				F9BAE79F2D9ECCD9007B38C3 /* SceneDelegate.m */,
				F9BAE7A12D9ECCD9007B38C3 /* ViewController.h */,
				F9BAE7A22D9ECCD9007B38C3 /* ViewController.m */,
				F9BAE7B62DA40C00007B38C3 /* CustomNavigationController.h */,
				F9BAE7B72DA40C00007B38C3 /* CustomNavigationController.m */,
				F9BAE7A42D9ECCD9007B38C3 /* Main.storyboard */,
				F9BAE7A72D9ECCDA007B38C3 /* Assets.xcassets */,
				F9BAE7A92D9ECCDA007B38C3 /* LaunchScreen.storyboard */,
				F9BAE7AC2D9ECCDA007B38C3 /* Info.plist */,
				F9BAE7AD2D9ECCDA007B38C3 /* main.m */,
			);
			path = PodDemoApp;
			sourceTree = "<group>";
		};
/* End PBXGroup section */

/* Begin PBXNativeTarget section */
		F9BAE7972D9ECCD8007B38C3 /* PodDemoApp */ = {
			isa = PBXNativeTarget;
			buildConfigurationList = F9BAE7B12D9ECCDA007B38C3 /* Build configuration list for PBXNativeTarget "PodDemoApp" */;
			buildPhases = (
				BD94A98CF89DDF5742D06A81 /* [CP] Check Pods Manifest.lock */,
				F9BAE7942D9ECCD8007B38C3 /* Sources */,
				F9BAE7952D9ECCD8007B38C3 /* Frameworks */,
				F9BAE7962D9ECCD8007B38C3 /* Resources */,
				1B072036278E7986A32E0120 /* [CP] Embed Pods Frameworks */,
			);
			buildRules = (
			);
			dependencies = (
			);
			name = PodDemoApp;
			productName = PodDemoApp;
			productReference = F9BAE7982D9ECCD8007B38C3 /* PodDemoApp.app */;
			productType = "com.apple.product-type.application";
		};
/* End PBXNativeTarget section */

/* Begin PBXProject section */
		F9BAE7902D9ECCD8007B38C3 /* Project object */ = {
			isa = PBXProject;
			attributes = {
				BuildIndependentTargetsInParallel = 1;
				LastUpgradeCheck = 1520;
				TargetAttributes = {
					F9BAE7972D9ECCD8007B38C3 = {
						CreatedOnToolsVersion = 15.2;
					};
				};
			};
			buildConfigurationList = F9BAE7932D9ECCD8007B38C3 /* Build configuration list for PBXProject "PodDemoApp" */;
			compatibilityVersion = "Xcode 14.0";
			developmentRegion = en;
			hasScannedForEncodings = 0;
			knownRegions = (
				en,
				Base,
			);
			mainGroup = F9BAE78F2D9ECCD8007B38C3;
			productRefGroup = F9BAE7992D9ECCD8007B38C3 /* Products */;
			projectDirPath = "";
			projectRoot = "";
			targets = (
				F9BAE7972D9ECCD8007B38C3 /* PodDemoApp */,
			);
		};
/* End PBXProject section */

/* Begin PBXResourcesBuildPhase section */
		F9BAE7962D9ECCD8007B38C3 /* Resources */ = {
			isa = PBXResourcesBuildPhase;
			buildActionMask = 2147483647;
			files = (
				F9BAE7AB2D9ECCDA007B38C3 /* LaunchScreen.storyboard in Resources */,
				F9BAE7B52D9ED043007B38C3 /* language.json in Resources */,
				F9BAE7A82D9ECCDA007B38C3 /* Assets.xcassets in Resources */,
				F9BAE7A62D9ECCD9007B38C3 /* Main.storyboard in Resources */,
			);
			runOnlyForDeploymentPostprocessing = 0;
		};
/* End PBXResourcesBuildPhase section */

/* Begin PBXShellScriptBuildPhase section */
		1B072036278E7986A32E0120 /* [CP] Embed Pods Frameworks */ = {
			isa = PBXShellScriptBuildPhase;
			buildActionMask = 2147483647;
			files = (
			);
			inputFileListPaths = (
				"${PODS_ROOT}/Target Support Files/Pods-PodDemoApp/Pods-PodDemoApp-frameworks-${CONFIGURATION}-input-files.xcfilelist",
			);
			name = "[CP] Embed Pods Frameworks";
			outputFileListPaths = (
				"${PODS_ROOT}/Target Support Files/Pods-PodDemoApp/Pods-PodDemoApp-frameworks-${CONFIGURATION}-output-files.xcfilelist",
			);
			runOnlyForDeploymentPostprocessing = 0;
			shellPath = /bin/sh;
			shellScript = "\"${PODS_ROOT}/Target Support Files/Pods-PodDemoApp/Pods-PodDemoApp-frameworks.sh\"\n";
			showEnvVarsInLog = 0;
		};
		BD94A98CF89DDF5742D06A81 /* [CP] Check Pods Manifest.lock */ = {
			isa = PBXShellScriptBuildPhase;
			buildActionMask = 2147483647;
			files = (
			);
			inputFileListPaths = (
			);
			inputPaths = (
				"${PODS_PODFILE_DIR_PATH}/Podfile.lock",
				"${PODS_ROOT}/Manifest.lock",
			);
			name = "[CP] Check Pods Manifest.lock";
			outputFileListPaths = (
			);
			outputPaths = (
				"$(DERIVED_FILE_DIR)/Pods-PodDemoApp-checkManifestLockResult.txt",
			);
			runOnlyForDeploymentPostprocessing = 0;
			shellPath = /bin/sh;
			shellScript = "diff \"${PODS_PODFILE_DIR_PATH}/Podfile.lock\" \"${PODS_ROOT}/Manifest.lock\" > /dev/null\nif [ $? != 0 ] ; then\n    # print error to STDERR\n    echo \"error: The sandbox is not in sync with the Podfile.lock. Run 'pod install' or update your CocoaPods installation.\" >&2\n    exit 1\nfi\n# This output is used by Xcode 'outputs' to avoid re-running this script phase.\necho \"SUCCESS\" > \"${SCRIPT_OUTPUT_FILE_0}\"\n";
			showEnvVarsInLog = 0;
		};
/* End PBXShellScriptBuildPhase section */

/* Begin PBXSourcesBuildPhase section */
		F9BAE7942D9ECCD8007B38C3 /* Sources */ = {
			isa = PBXSourcesBuildPhase;
			buildActionMask = 2147483647;
			files = (
				F9BAE7A32D9ECCD9007B38C3 /* ViewController.m in Sources */,
				F9BAE79D2D9ECCD9007B38C3 /* AppDelegate.m in Sources */,
				F9BAE7B82DA40C00007B38C3 /* CustomNavigationController.m in Sources */,
				F9BAE7AE2D9ECCDA007B38C3 /* main.m in Sources */,
				F9BAE7A02D9ECCD9007B38C3 /* SceneDelegate.m in Sources */,
			);
			runOnlyForDeploymentPostprocessing = 0;
		};
/* End PBXSourcesBuildPhase section */

/* Begin PBXVariantGroup section */
		F9BAE7A42D9ECCD9007B38C3 /* Main.storyboard */ = {
			isa = PBXVariantGroup;
			children = (
				F9BAE7A52D9ECCD9007B38C3 /* Base */,
			);
			name = Main.storyboard;
			sourceTree = "<group>";
		};
		F9BAE7A92D9ECCDA007B38C3 /* LaunchScreen.storyboard */ = {
			isa = PBXVariantGroup;
			children = (
				F9BAE7AA2D9ECCDA007B38C3 /* Base */,
			);
			name = LaunchScreen.storyboard;
			sourceTree = "<group>";
		};
/* End PBXVariantGroup section */

/* Begin XCBuildConfiguration section */
		F9BAE7AF2D9ECCDA007B38C3 /* Debug */ = {
			isa = XCBuildConfiguration;
			buildSettings = {
				ALWAYS_SEARCH_USER_PATHS = NO;
				ASSETCATALOG_COMPILER_GENERATE_SWIFT_ASSET_SYMBOL_EXTENSIONS = YES;
				CLANG_ANALYZER_NONNULL = YES;
				CLANG_ANALYZER_NUMBER_OBJECT_CONVERSION = YES_AGGRESSIVE;
				CLANG_CXX_LANGUAGE_STANDARD = "gnu++20";
				CLANG_ENABLE_MODULES = YES;
				CLANG_ENABLE_OBJC_ARC = YES;
				CLANG_ENABLE_OBJC_WEAK = YES;
				CLANG_WARN_BLOCK_CAPTURE_AUTORELEASING = YES;
				CLANG_WARN_BOOL_CONVERSION = YES;
				CLANG_WARN_COMMA = YES;
				CLANG_WARN_CONSTANT_CONVERSION = YES;
				CLANG_WARN_DEPRECATED_OBJC_IMPLEMENTATIONS = YES;
				CLANG_WARN_DIRECT_OBJC_ISA_USAGE = YES_ERROR;
				CLANG_WARN_DOCUMENTATION_COMMENTS = YES;
				CLANG_WARN_EMPTY_BODY = YES;
				CLANG_WARN_ENUM_CONVERSION = YES;
				CLANG_WARN_INFINITE_RECURSION = YES;
				CLANG_WARN_INT_CONVERSION = YES;
				CLANG_WARN_NON_LITERAL_NULL_CONVERSION = YES;
				CLANG_WARN_OBJC_IMPLICIT_RETAIN_SELF = YES;
				CLANG_WARN_OBJC_LITERAL_CONVERSION = YES;
				CLANG_WARN_OBJC_ROOT_CLASS = YES_ERROR;
				CLANG_WARN_QUOTED_INCLUDE_IN_FRAMEWORK_HEADER = YES;
				CLANG_WARN_RANGE_LOOP_ANALYSIS = YES;
				CLANG_WARN_STRICT_PROTOTYPES = YES;
				CLANG_WARN_SUSPICIOUS_MOVE = YES;
				CLANG_WARN_UNGUARDED_AVAILABILITY = YES_AGGRESSIVE;
				CLANG_WARN_UNREACHABLE_CODE = YES;
				CLANG_WARN__DUPLICATE_METHOD_MATCH = YES;
				COPY_PHASE_STRIP = NO;
				DEBUG_INFORMATION_FORMAT = dwarf;
				ENABLE_STRICT_OBJC_MSGSEND = YES;
				ENABLE_TESTABILITY = YES;
				ENABLE_USER_SCRIPT_SANDBOXING = YES;
				GCC_C_LANGUAGE_STANDARD = gnu17;
				GCC_DYNAMIC_NO_PIC = NO;
				GCC_NO_COMMON_BLOCKS = YES;
				GCC_OPTIMIZATION_LEVEL = 0;
				GCC_PREPROCESSOR_DEFINITIONS = (
					"DEBUG=1",
					"$(inherited)",
				);
				GCC_WARN_64_TO_32_BIT_CONVERSION = YES;
				GCC_WARN_ABOUT_RETURN_TYPE = YES_ERROR;
				GCC_WARN_UNDECLARED_SELECTOR = YES;
				GCC_WARN_UNINITIALIZED_AUTOS = YES_AGGRESSIVE;
				GCC_WARN_UNUSED_FUNCTION = YES;
				GCC_WARN_UNUSED_VARIABLE = YES;
				IPHONEOS_DEPLOYMENT_TARGET = 17.2;
				LOCALIZATION_PREFERS_STRING_CATALOGS = YES;
				MTL_ENABLE_DEBUG_INFO = INCLUDE_SOURCE;
				MTL_FAST_MATH = YES;
				ONLY_ACTIVE_ARCH = YES;
				SDKROOT = iphoneos;
			};
			name = Debug;
		};
		F9BAE7B02D9ECCDA007B38C3 /* Release */ = {
			isa = XCBuildConfiguration;
			buildSettings = {
				ALWAYS_SEARCH_USER_PATHS = NO;
				ASSETCATALOG_COMPILER_GENERATE_SWIFT_ASSET_SYMBOL_EXTENSIONS = YES;
				CLANG_ANALYZER_NONNULL = YES;
				CLANG_ANALYZER_NUMBER_OBJECT_CONVERSION = YES_AGGRESSIVE;
				CLANG_CXX_LANGUAGE_STANDARD = "gnu++20";
				CLANG_ENABLE_MODULES = YES;
				CLANG_ENABLE_OBJC_ARC = YES;
				CLANG_ENABLE_OBJC_WEAK = YES;
				CLANG_WARN_BLOCK_CAPTURE_AUTORELEASING = YES;
				CLANG_WARN_BOOL_CONVERSION = YES;
				CLANG_WARN_COMMA = YES;
				CLANG_WARN_CONSTANT_CONVERSION = YES;
				CLANG_WARN_DEPRECATED_OBJC_IMPLEMENTATIONS = YES;
				CLANG_WARN_DIRECT_OBJC_ISA_USAGE = YES_ERROR;
				CLANG_WARN_DOCUMENTATION_COMMENTS = YES;
				CLANG_WARN_EMPTY_BODY = YES;
				CLANG_WARN_ENUM_CONVERSION = YES;
				CLANG_WARN_INFINITE_RECURSION = YES;
				CLANG_WARN_INT_CONVERSION = YES;
				CLANG_WARN_NON_LITERAL_NULL_CONVERSION = YES;
				CLANG_WARN_OBJC_IMPLICIT_RETAIN_SELF = YES;
				CLANG_WARN_OBJC_LITERAL_CONVERSION = YES;
				CLANG_WARN_OBJC_ROOT_CLASS = YES_ERROR;
				CLANG_WARN_QUOTED_INCLUDE_IN_FRAMEWORK_HEADER = YES;
				CLANG_WARN_RANGE_LOOP_ANALYSIS = YES;
				CLANG_WARN_STRICT_PROTOTYPES = YES;
				CLANG_WARN_SUSPICIOUS_MOVE = YES;
				CLANG_WARN_UNGUARDED_AVAILABILITY = YES_AGGRESSIVE;
				CLANG_WARN_UNREACHABLE_CODE = YES;
				CLANG_WARN__DUPLICATE_METHOD_MATCH = YES;
				COPY_PHASE_STRIP = NO;
				DEBUG_INFORMATION_FORMAT = "dwarf-with-dsym";
				ENABLE_NS_ASSERTIONS = NO;
				ENABLE_STRICT_OBJC_MSGSEND = YES;
				ENABLE_USER_SCRIPT_SANDBOXING = YES;
				GCC_C_LANGUAGE_STANDARD = gnu17;
				GCC_NO_COMMON_BLOCKS = YES;
				GCC_WARN_64_TO_32_BIT_CONVERSION = YES;
				GCC_WARN_ABOUT_RETURN_TYPE = YES_ERROR;
				GCC_WARN_UNDECLARED_SELECTOR = YES;
				GCC_WARN_UNINITIALIZED_AUTOS = YES_AGGRESSIVE;
				GCC_WARN_UNUSED_FUNCTION = YES;
				GCC_WARN_UNUSED_VARIABLE = YES;
				IPHONEOS_DEPLOYMENT_TARGET = 17.2;
				LOCALIZATION_PREFERS_STRING_CATALOGS = YES;
				MTL_ENABLE_DEBUG_INFO = NO;
				MTL_FAST_MATH = YES;
				SDKROOT = iphoneos;
				VALIDATE_PRODUCT = YES;
			};
			name = Release;
		};
		F9BAE7B22D9ECCDA007B38C3 /* Debug */ = {
			isa = XCBuildConfiguration;
			baseConfigurationReference = D327D5C5C4F489B596182716 /* Pods-PodDemoApp.debug.xcconfig */;
			buildSettings = {
				ASSETCATALOG_COMPILER_APPICON_NAME = AppIcon;
				ASSETCATALOG_COMPILER_GLOBAL_ACCENT_COLOR_NAME = AccentColor;
				CODE_SIGN_STYLE = Automatic;
				CURRENT_PROJECT_VERSION = 1;
				DEVELOPMENT_TEAM = TTE3BK35DB;
				ENABLE_USER_SCRIPT_SANDBOXING = NO;
				GENERATE_INFOPLIST_FILE = YES;
				INFOPLIST_FILE = PodDemoApp/Info.plist;
				INFOPLIST_KEY_UIApplicationSupportsIndirectInputEvents = YES;
				INFOPLIST_KEY_UILaunchStoryboardName = LaunchScreen;
				INFOPLIST_KEY_UIMainStoryboardFile = Main;
				INFOPLIST_KEY_UISupportedInterfaceOrientations_iPad = "UIInterfaceOrientationPortrait UIInterfaceOrientationPortraitUpsideDown UIInterfaceOrientationLandscapeLeft UIInterfaceOrientationLandscapeRight";
				INFOPLIST_KEY_UISupportedInterfaceOrientations_iPhone = "UIInterfaceOrientationPortrait UIInterfaceOrientationLandscapeLeft UIInterfaceOrientationLandscapeRight";
				IPHONEOS_DEPLOYMENT_TARGET = 12.0;
				LD_RUNPATH_SEARCH_PATHS = (
					"$(inherited)",
					"@executable_path/Frameworks",
				);
				MARKETING_VERSION = 1.0;
				PRODUCT_BUNDLE_IDENTIFIER = com.vocal.webcomponent.PodDemoApp;
				PRODUCT_NAME = "$(TARGET_NAME)";
				SWIFT_EMIT_LOC_STRINGS = YES;
				TARGETED_DEVICE_FAMILY = "1,2";
			};
			name = Debug;
		};
		F9BAE7B32D9ECCDA007B38C3 /* Release */ = {
			isa = XCBuildConfiguration;
			baseConfigurationReference = E8F830778D2B02BE88F5EB0A /* Pods-PodDemoApp.release.xcconfig */;
			buildSettings = {
				ASSETCATALOG_COMPILER_APPICON_NAME = AppIcon;
				ASSETCATALOG_COMPILER_GLOBAL_ACCENT_COLOR_NAME = AccentColor;
				CODE_SIGN_STYLE = Automatic;
				CURRENT_PROJECT_VERSION = 1;
				DEVELOPMENT_TEAM = TTE3BK35DB;
				ENABLE_USER_SCRIPT_SANDBOXING = NO;
				GENERATE_INFOPLIST_FILE = YES;
				INFOPLIST_FILE = PodDemoApp/Info.plist;
				INFOPLIST_KEY_UIApplicationSupportsIndirectInputEvents = YES;
				INFOPLIST_KEY_UILaunchStoryboardName = LaunchScreen;
				INFOPLIST_KEY_UIMainStoryboardFile = Main;
				INFOPLIST_KEY_UISupportedInterfaceOrientations_iPad = "UIInterfaceOrientationPortrait UIInterfaceOrientationPortraitUpsideDown UIInterfaceOrientationLandscapeLeft UIInterfaceOrientationLandscapeRight";
				INFOPLIST_KEY_UISupportedInterfaceOrientations_iPhone = "UIInterfaceOrientationPortrait UIInterfaceOrientationLandscapeLeft UIInterfaceOrientationLandscapeRight";
				IPHONEOS_DEPLOYMENT_TARGET = 12.0;
				LD_RUNPATH_SEARCH_PATHS = (
					"$(inherited)",
					"@executable_path/Frameworks",
				);
				MARKETING_VERSION = 1.0;
				PRODUCT_BUNDLE_IDENTIFIER = com.vocal.webcomponent.PodDemoApp;
				PRODUCT_NAME = "$(TARGET_NAME)";
				SWIFT_EMIT_LOC_STRINGS = YES;
				TARGETED_DEVICE_FAMILY = "1,2";
			};
			name = Release;
		};
/* End XCBuildConfiguration section */

/* Begin XCConfigurationList section */
		F9BAE7932D9ECCD8007B38C3 /* Build configuration list for PBXProject "PodDemoApp" */ = {
			isa = XCConfigurationList;
			buildConfigurations = (
				F9BAE7AF2D9ECCDA007B38C3 /* Debug */,
				F9BAE7B02D9ECCDA007B38C3 /* Release */,
			);
			defaultConfigurationIsVisible = 0;
			defaultConfigurationName = Release;
		};
		F9BAE7B12D9ECCDA007B38C3 /* Build configuration list for PBXNativeTarget "PodDemoApp" */ = {
			isa = XCConfigurationList;
			buildConfigurations = (
				F9BAE7B22D9ECCDA007B38C3 /* Debug */,
				F9BAE7B32D9ECCDA007B38C3 /* Release */,
			);
			defaultConfigurationIsVisible = 0;
			defaultConfigurationName = Release;
		};
/* End XCConfigurationList section */
	};
	rootObject = F9BAE7902D9ECCD8007B38C3 /* Project object */;
}
